// !$*UTF8*$!
{
	archiveVersion = 1;
	classes = {
	};
	objectVersion = 50;
	objects = {

/* Begin PBXBuildFile section */
		A27BB9EA24C81DBC001F0D8C /* DKButton.framework in Frameworks */ = {isa = PBXBuildFile; fileRef = A27BB9E024C81DBC001F0D8C /* DKButton.framework */; };
		A27BB9EF24C81DBC001F0D8C /* DKButtonTests.swift in Sources */ = {isa = PBXBuildFile; fileRef = A27BB9EE24C81DBC001F0D8C /* DKButtonTests.swift */; };
		A27BB9F124C81DBC001F0D8C /* DKButton.h in Headers */ = {isa = PBXBuildFile; fileRef = A27BB9E324C81DBC001F0D8C /* DKButton.h */; settings = {ATTRIBUTES = (Public, ); }; };
		A27BB9FB24C81E0A001F0D8C /* DKButton.swift in Sources */ = {isa = PBXBuildFile; fileRef = A27BB9FA24C81E0A001F0D8C /* DKButton.swift */; };
		A27BB9FD24C81EA7001F0D8C /* CGFloat+GradientPoints.swift in Sources */ = {isa = PBXBuildFile; fileRef = A27BB9FC24C81EA7001F0D8C /* CGFloat+GradientPoints.swift */; };
		A27BB9FF24C81EAF001F0D8C /* UIView+Layer.swift in Sources */ = {isa = PBXBuildFile; fileRef = A27BB9FE24C81EAF001F0D8C /* UIView+Layer.swift */; };
		A27BBA0124C81F11001F0D8C /* DKMath.swift in Sources */ = {isa = PBXBuildFile; fileRef = A27BBA0024C81F11001F0D8C /* DKMath.swift */; };
		A27BBA0924C82AA3001F0D8C /* AppDelegate.swift in Sources */ = {isa = PBXBuildFile; fileRef = A27BBA0824C82AA3001F0D8C /* AppDelegate.swift */; };
		A27BBA0B24C82AA3001F0D8C /* SceneDelegate.swift in Sources */ = {isa = PBXBuildFile; fileRef = A27BBA0A24C82AA3001F0D8C /* SceneDelegate.swift */; };
		A27BBA0D24C82AA3001F0D8C /* ViewController.swift in Sources */ = {isa = PBXBuildFile; fileRef = A27BBA0C24C82AA3001F0D8C /* ViewController.swift */; };
		A27BBA1024C82AA3001F0D8C /* Main.storyboard in Resources */ = {isa = PBXBuildFile; fileRef = A27BBA0E24C82AA3001F0D8C /* Main.storyboard */; };
		A27BBA1224C82AA6001F0D8C /* Assets.xcassets in Resources */ = {isa = PBXBuildFile; fileRef = A27BBA1124C82AA6001F0D8C /* Assets.xcassets */; };
		A27BBA1524C82AA6001F0D8C /* LaunchScreen.storyboard in Resources */ = {isa = PBXBuildFile; fileRef = A27BBA1324C82AA6001F0D8C /* LaunchScreen.storyboard */; };
		A27BBA2024C82AA6001F0D8C /* DKButtonExampleTests.swift in Sources */ = {isa = PBXBuildFile; fileRef = A27BBA1F24C82AA6001F0D8C /* DKButtonExampleTests.swift */; };
/* End PBXBuildFile section */

/* Begin PBXContainerItemProxy section */
		A27BB9EB24C81DBC001F0D8C /* PBXContainerItemProxy */ = {
			isa = PBXContainerItemProxy;
			containerPortal = A27BB9D724C81DBC001F0D8C /* Project object */;
			proxyType = 1;
			remoteGlobalIDString = A27BB9DF24C81DBC001F0D8C;
			remoteInfo = DKButton;
		};
		A27BBA1C24C82AA6001F0D8C /* PBXContainerItemProxy */ = {
			isa = PBXContainerItemProxy;
			containerPortal = A27BB9D724C81DBC001F0D8C /* Project object */;
			proxyType = 1;
			remoteGlobalIDString = A27BBA0524C82AA3001F0D8C;
			remoteInfo = DKButtonExample;
		};
/* End PBXContainerItemProxy section */

/* Begin PBXFileReference section */
		A27BB9E024C81DBC001F0D8C /* DKButton.framework */ = {isa = PBXFileReference; explicitFileType = wrapper.framework; includeInIndex = 0; path = DKButton.framework; sourceTree = BUILT_PRODUCTS_DIR; };
		A27BB9E324C81DBC001F0D8C /* DKButton.h */ = {isa = PBXFileReference; lastKnownFileType = sourcecode.c.h; path = DKButton.h; sourceTree = "<group>"; };
		A27BB9E424C81DBC001F0D8C /* Info.plist */ = {isa = PBXFileReference; lastKnownFileType = text.plist.xml; path = Info.plist; sourceTree = "<group>"; };
		A27BB9E924C81DBC001F0D8C /* DKButtonTests.xctest */ = {isa = PBXFileReference; explicitFileType = wrapper.cfbundle; includeInIndex = 0; path = DKButtonTests.xctest; sourceTree = BUILT_PRODUCTS_DIR; };
		A27BB9EE24C81DBC001F0D8C /* DKButtonTests.swift */ = {isa = PBXFileReference; lastKnownFileType = sourcecode.swift; path = DKButtonTests.swift; sourceTree = "<group>"; };
		A27BB9F024C81DBC001F0D8C /* Info.plist */ = {isa = PBXFileReference; lastKnownFileType = text.plist.xml; path = Info.plist; sourceTree = "<group>"; };
		A27BB9FA24C81E0A001F0D8C /* DKButton.swift */ = {isa = PBXFileReference; lastKnownFileType = sourcecode.swift; path = DKButton.swift; sourceTree = "<group>"; };
		A27BB9FC24C81EA7001F0D8C /* CGFloat+GradientPoints.swift */ = {isa = PBXFileReference; fileEncoding = 4; lastKnownFileType = sourcecode.swift; path = "CGFloat+GradientPoints.swift"; sourceTree = "<group>"; };
		A27BB9FE24C81EAF001F0D8C /* UIView+Layer.swift */ = {isa = PBXFileReference; fileEncoding = 4; lastKnownFileType = sourcecode.swift; path = "UIView+Layer.swift"; sourceTree = "<group>"; };
		A27BBA0024C81F11001F0D8C /* DKMath.swift */ = {isa = PBXFileReference; lastKnownFileType = sourcecode.swift; path = DKMath.swift; sourceTree = "<group>"; };
		A27BBA0624C82AA3001F0D8C /* DKButtonExample.app */ = {isa = PBXFileReference; explicitFileType = wrapper.application; includeInIndex = 0; path = DKButtonExample.app; sourceTree = BUILT_PRODUCTS_DIR; };
		A27BBA0824C82AA3001F0D8C /* AppDelegate.swift */ = {isa = PBXFileReference; lastKnownFileType = sourcecode.swift; path = AppDelegate.swift; sourceTree = "<group>"; };
		A27BBA0A24C82AA3001F0D8C /* SceneDelegate.swift */ = {isa = PBXFileReference; lastKnownFileType = sourcecode.swift; path = SceneDelegate.swift; sourceTree = "<group>"; };
		A27BBA0C24C82AA3001F0D8C /* ViewController.swift */ = {isa = PBXFileReference; lastKnownFileType = sourcecode.swift; path = ViewController.swift; sourceTree = "<group>"; };
		A27BBA0F24C82AA3001F0D8C /* Base */ = {isa = PBXFileReference; lastKnownFileType = file.storyboard; name = Base; path = Base.lproj/Main.storyboard; sourceTree = "<group>"; };
		A27BBA1124C82AA6001F0D8C /* Assets.xcassets */ = {isa = PBXFileReference; lastKnownFileType = folder.assetcatalog; path = Assets.xcassets; sourceTree = "<group>"; };
		A27BBA1424C82AA6001F0D8C /* Base */ = {isa = PBXFileReference; lastKnownFileType = file.storyboard; name = Base; path = Base.lproj/LaunchScreen.storyboard; sourceTree = "<group>"; };
		A27BBA1624C82AA6001F0D8C /* Info.plist */ = {isa = PBXFileReference; lastKnownFileType = text.plist.xml; path = Info.plist; sourceTree = "<group>"; };
		A27BBA1B24C82AA6001F0D8C /* DKButtonExampleTests.xctest */ = {isa = PBXFileReference; explicitFileType = wrapper.cfbundle; includeInIndex = 0; path = DKButtonExampleTests.xctest; sourceTree = BUILT_PRODUCTS_DIR; };
		A27BBA1F24C82AA6001F0D8C /* DKButtonExampleTests.swift */ = {isa = PBXFileReference; lastKnownFileType = sourcecode.swift; path = DKButtonExampleTests.swift; sourceTree = "<group>"; };
		A27BBA2124C82AA6001F0D8C /* Info.plist */ = {isa = PBXFileReference; lastKnownFileType = text.plist.xml; path = Info.plist; sourceTree = "<group>"; };
/* End PBXFileReference section */

/* Begin PBXFrameworksBuildPhase section */
		A27BB9DD24C81DBC001F0D8C /* Frameworks */ = {
			isa = PBXFrameworksBuildPhase;
			buildActionMask = 2147483647;
			files = (
			);
			runOnlyForDeploymentPostprocessing = 0;
		};
		A27BB9E624C81DBC001F0D8C /* Frameworks */ = {
			isa = PBXFrameworksBuildPhase;
			buildActionMask = 2147483647;
			files = (
				A27BB9EA24C81DBC001F0D8C /* DKButton.framework in Frameworks */,
			);
			runOnlyForDeploymentPostprocessing = 0;
		};
		A27BBA0324C82AA3001F0D8C /* Frameworks */ = {
			isa = PBXFrameworksBuildPhase;
			buildActionMask = 2147483647;
			files = (
			);
			runOnlyForDeploymentPostprocessing = 0;
		};
		A27BBA1824C82AA6001F0D8C /* Frameworks */ = {
			isa = PBXFrameworksBuildPhase;
			buildActionMask = 2147483647;
			files = (
			);
			runOnlyForDeploymentPostprocessing = 0;
		};
/* End PBXFrameworksBuildPhase section */

/* Begin PBXGroup section */
		A27BB9D624C81DBC001F0D8C = {
			isa = PBXGroup;
			children = (
				A27BB9E224C81DBC001F0D8C /* DKButton */,
				A27BB9ED24C81DBC001F0D8C /* DKButtonTests */,
				A27BBA0724C82AA3001F0D8C /* DKButtonExample */,
				A27BBA1E24C82AA6001F0D8C /* DKButtonExampleTests */,
				A27BB9E124C81DBC001F0D8C /* Products */,
			);
			sourceTree = "<group>";
		};
		A27BB9E124C81DBC001F0D8C /* Products */ = {
			isa = PBXGroup;
			children = (
				A27BB9E024C81DBC001F0D8C /* DKButton.framework */,
				A27BB9E924C81DBC001F0D8C /* DKButtonTests.xctest */,
				A27BBA0624C82AA3001F0D8C /* DKButtonExample.app */,
				A27BBA1B24C82AA6001F0D8C /* DKButtonExampleTests.xctest */,
			);
			name = Products;
			sourceTree = "<group>";
		};
		A27BB9E224C81DBC001F0D8C /* DKButton */ = {
			isa = PBXGroup;
			children = (
				A27BB9E324C81DBC001F0D8C /* DKButton.h */,
				A27BB9E424C81DBC001F0D8C /* Info.plist */,
				A27BB9FA24C81E0A001F0D8C /* DKButton.swift */,
				A27BBA0024C81F11001F0D8C /* DKMath.swift */,
				A27BB9FC24C81EA7001F0D8C /* CGFloat+GradientPoints.swift */,
				A27BB9FE24C81EAF001F0D8C /* UIView+Layer.swift */,
			);
			path = DKButton;
			sourceTree = "<group>";
		};
		A27BB9ED24C81DBC001F0D8C /* DKButtonTests */ = {
			isa = PBXGroup;
			children = (
				A27BB9EE24C81DBC001F0D8C /* DKButtonTests.swift */,
				A27BB9F024C81DBC001F0D8C /* Info.plist */,
			);
			path = DKButtonTests;
			sourceTree = "<group>";
		};
		A27BBA0724C82AA3001F0D8C /* DKButtonExample */ = {
			isa = PBXGroup;
			children = (
				A27BBA0824C82AA3001F0D8C /* AppDelegate.swift */,
				A27BBA0A24C82AA3001F0D8C /* SceneDelegate.swift */,
				A27BBA0C24C82AA3001F0D8C /* ViewController.swift */,
				A27BBA0E24C82AA3001F0D8C /* Main.storyboard */,
				A27BBA1124C82AA6001F0D8C /* Assets.xcassets */,
				A27BBA1324C82AA6001F0D8C /* LaunchScreen.storyboard */,
				A27BBA1624C82AA6001F0D8C /* Info.plist */,
			);
			path = DKButtonExample;
			sourceTree = "<group>";
		};
		A27BBA1E24C82AA6001F0D8C /* DKButtonExampleTests */ = {
			isa = PBXGroup;
			children = (
				A27BBA1F24C82AA6001F0D8C /* DKButtonExampleTests.swift */,
				A27BBA2124C82AA6001F0D8C /* Info.plist */,
			);
			path = DKButtonExampleTests;
			sourceTree = "<group>";
		};
/* End PBXGroup section */

/* Begin PBXHeadersBuildPhase section */
		A27BB9DB24C81DBC001F0D8C /* Headers */ = {
			isa = PBXHeadersBuildPhase;
			buildActionMask = 2147483647;
			files = (
				A27BB9F124C81DBC001F0D8C /* DKButton.h in Headers */,
			);
			runOnlyForDeploymentPostprocessing = 0;
		};
/* End PBXHeadersBuildPhase section */

/* Begin PBXNativeTarget section */
		A27BB9DF24C81DBC001F0D8C /* DKButton */ = {
			isa = PBXNativeTarget;
			buildConfigurationList = A27BB9F424C81DBC001F0D8C /* Build configuration list for PBXNativeTarget "DKButton" */;
			buildPhases = (
				A27BB9DB24C81DBC001F0D8C /* Headers */,
				A27BB9DC24C81DBC001F0D8C /* Sources */,
				A27BB9DD24C81DBC001F0D8C /* Frameworks */,
				A27BB9DE24C81DBC001F0D8C /* Resources */,
			);
			buildRules = (
			);
			dependencies = (
			);
			name = DKButton;
			productName = DKButton;
			productReference = A27BB9E024C81DBC001F0D8C /* DKButton.framework */;
			productType = "com.apple.product-type.framework";
		};
		A27BB9E824C81DBC001F0D8C /* DKButtonTests */ = {
			isa = PBXNativeTarget;
			buildConfigurationList = A27BB9F724C81DBC001F0D8C /* Build configuration list for PBXNativeTarget "DKButtonTests" */;
			buildPhases = (
				A27BB9E524C81DBC001F0D8C /* Sources */,
				A27BB9E624C81DBC001F0D8C /* Frameworks */,
				A27BB9E724C81DBC001F0D8C /* Resources */,
			);
			buildRules = (
			);
			dependencies = (
				A27BB9EC24C81DBC001F0D8C /* PBXTargetDependency */,
			);
			name = DKButtonTests;
			productName = DKButtonTests;
			productReference = A27BB9E924C81DBC001F0D8C /* DKButtonTests.xctest */;
			productType = "com.apple.product-type.bundle.unit-test";
		};
		A27BBA0524C82AA3001F0D8C /* DKButtonExample */ = {
			isa = PBXNativeTarget;
			buildConfigurationList = A27BBA2224C82AA6001F0D8C /* Build configuration list for PBXNativeTarget "DKButtonExample" */;
			buildPhases = (
				A27BBA0224C82AA3001F0D8C /* Sources */,
				A27BBA0324C82AA3001F0D8C /* Frameworks */,
				A27BBA0424C82AA3001F0D8C /* Resources */,
			);
			buildRules = (
			);
			dependencies = (
			);
			name = DKButtonExample;
			productName = DKButtonExample;
			productReference = A27BBA0624C82AA3001F0D8C /* DKButtonExample.app */;
			productType = "com.apple.product-type.application";
		};
		A27BBA1A24C82AA6001F0D8C /* DKButtonExampleTests */ = {
			isa = PBXNativeTarget;
			buildConfigurationList = A27BBA2524C82AA6001F0D8C /* Build configuration list for PBXNativeTarget "DKButtonExampleTests" */;
			buildPhases = (
				A27BBA1724C82AA6001F0D8C /* Sources */,
				A27BBA1824C82AA6001F0D8C /* Frameworks */,
				A27BBA1924C82AA6001F0D8C /* Resources */,
			);
			buildRules = (
			);
			dependencies = (
				A27BBA1D24C82AA6001F0D8C /* PBXTargetDependency */,
			);
			name = DKButtonExampleTests;
			productName = DKButtonExampleTests;
			productReference = A27BBA1B24C82AA6001F0D8C /* DKButtonExampleTests.xctest */;
			productType = "com.apple.product-type.bundle.unit-test";
		};
/* End PBXNativeTarget section */

/* Begin PBXProject section */
		A27BB9D724C81DBC001F0D8C /* Project object */ = {
			isa = PBXProject;
			attributes = {
				LastSwiftUpdateCheck = 1120;
				LastUpgradeCheck = 1120;
				ORGANIZATIONNAME = Conduent;
				TargetAttributes = {
					A27BB9DF24C81DBC001F0D8C = {
						CreatedOnToolsVersion = 11.2.1;
						LastSwiftMigration = 1120;
					};
					A27BB9E824C81DBC001F0D8C = {
						CreatedOnToolsVersion = 11.2.1;
					};
					A27BBA0524C82AA3001F0D8C = {
						CreatedOnToolsVersion = 11.2.1;
					};
					A27BBA1A24C82AA6001F0D8C = {
						CreatedOnToolsVersion = 11.2.1;
						TestTargetID = A27BBA0524C82AA3001F0D8C;
					};
				};
			};
			buildConfigurationList = A27BB9DA24C81DBC001F0D8C /* Build configuration list for PBXProject "DKButton" */;
			compatibilityVersion = "Xcode 9.3";
			developmentRegion = en;
			hasScannedForEncodings = 0;
			knownRegions = (
				en,
				Base,
			);
			mainGroup = A27BB9D624C81DBC001F0D8C;
			productRefGroup = A27BB9E124C81DBC001F0D8C /* Products */;
			projectDirPath = "";
			projectRoot = "";
			targets = (
				A27BB9DF24C81DBC001F0D8C /* DKButton */,
				A27BB9E824C81DBC001F0D8C /* DKButtonTests */,
				A27BBA0524C82AA3001F0D8C /* DKButtonExample */,
				A27BBA1A24C82AA6001F0D8C /* DKButtonExampleTests */,
			);
		};
/* End PBXProject section */

/* Begin PBXResourcesBuildPhase section */
		A27BB9DE24C81DBC001F0D8C /* Resources */ = {
			isa = PBXResourcesBuildPhase;
			buildActionMask = 2147483647;
			files = (
			);
			runOnlyForDeploymentPostprocessing = 0;
		};
		A27BB9E724C81DBC001F0D8C /* Resources */ = {
			isa = PBXResourcesBuildPhase;
			buildActionMask = 2147483647;
			files = (
			);
			runOnlyForDeploymentPostprocessing = 0;
		};
		A27BBA0424C82AA3001F0D8C /* Resources */ = {
			isa = PBXResourcesBuildPhase;
			buildActionMask = 2147483647;
			files = (
				A27BBA1524C82AA6001F0D8C /* LaunchScreen.storyboard in Resources */,
				A27BBA1224C82AA6001F0D8C /* Assets.xcassets in Resources */,
				A27BBA1024C82AA3001F0D8C /* Main.storyboard in Resources */,
			);
			runOnlyForDeploymentPostprocessing = 0;
		};
		A27BBA1924C82AA6001F0D8C /* Resources */ = {
			isa = PBXResourcesBuildPhase;
			buildActionMask = 2147483647;
			files = (
			);
			runOnlyForDeploymentPostprocessing = 0;
		};
/* End PBXResourcesBuildPhase section */

/* Begin PBXSourcesBuildPhase section */
		A27BB9DC24C81DBC001F0D8C /* Sources */ = {
			isa = PBXSourcesBuildPhase;
			buildActionMask = 2147483647;
			files = (
				A27BBA0124C81F11001F0D8C /* DKMath.swift in Sources */,
				A27BB9FB24C81E0A001F0D8C /* DKButton.swift in Sources */,
				A27BB9FF24C81EAF001F0D8C /* UIView+Layer.swift in Sources */,
				A27BB9FD24C81EA7001F0D8C /* CGFloat+GradientPoints.swift in Sources */,
			);
			runOnlyForDeploymentPostprocessing = 0;
		};
		A27BB9E524C81DBC001F0D8C /* Sources */ = {
			isa = PBXSourcesBuildPhase;
			buildActionMask = 2147483647;
			files = (
				A27BB9EF24C81DBC001F0D8C /* DKButtonTests.swift in Sources */,
			);
			runOnlyForDeploymentPostprocessing = 0;
		};
		A27BBA0224C82AA3001F0D8C /* Sources */ = {
			isa = PBXSourcesBuildPhase;
			buildActionMask = 2147483647;
			files = (
				A27BBA0D24C82AA3001F0D8C /* ViewController.swift in Sources */,
				A27BBA0924C82AA3001F0D8C /* AppDelegate.swift in Sources */,
				A27BBA0B24C82AA3001F0D8C /* SceneDelegate.swift in Sources */,
			);
			runOnlyForDeploymentPostprocessing = 0;
		};
		A27BBA1724C82AA6001F0D8C /* Sources */ = {
			isa = PBXSourcesBuildPhase;
			buildActionMask = 2147483647;
			files = (
				A27BBA2024C82AA6001F0D8C /* DKButtonExampleTests.swift in Sources */,
			);
			runOnlyForDeploymentPostprocessing = 0;
		};
/* End PBXSourcesBuildPhase section */

/* Begin PBXTargetDependency section */
		A27BB9EC24C81DBC001F0D8C /* PBXTargetDependency */ = {
			isa = PBXTargetDependency;
			target = A27BB9DF24C81DBC001F0D8C /* DKButton */;
			targetProxy = A27BB9EB24C81DBC001F0D8C /* PBXContainerItemProxy */;
		};
		A27BBA1D24C82AA6001F0D8C /* PBXTargetDependency */ = {
			isa = PBXTargetDependency;
			target = A27BBA0524C82AA3001F0D8C /* DKButtonExample */;
			targetProxy = A27BBA1C24C82AA6001F0D8C /* PBXContainerItemProxy */;
		};
/* End PBXTargetDependency section */

/* Begin PBXVariantGroup section */
		A27BBA0E24C82AA3001F0D8C /* Main.storyboard */ = {
			isa = PBXVariantGroup;
			children = (
				A27BBA0F24C82AA3001F0D8C /* Base */,
			);
			name = Main.storyboard;
			sourceTree = "<group>";
		};
		A27BBA1324C82AA6001F0D8C /* LaunchScreen.storyboard */ = {
			isa = PBXVariantGroup;
			children = (
				A27BBA1424C82AA6001F0D8C /* Base */,
			);
			name = LaunchScreen.storyboard;
			sourceTree = "<group>";
		};
/* End PBXVariantGroup section */

/* Begin XCBuildConfiguration section */
		A27BB9F224C81DBC001F0D8C /* Debug */ = {
			isa = XCBuildConfiguration;
			buildSettings = {
				ALWAYS_SEARCH_USER_PATHS = NO;
				CLANG_ANALYZER_NONNULL = YES;
				CLANG_ANALYZER_NUMBER_OBJECT_CONVERSION = YES_AGGRESSIVE;
				CLANG_CXX_LANGUAGE_STANDARD = "gnu++14";
				CLANG_CXX_LIBRARY = "libc++";
				CLANG_ENABLE_MODULES = YES;
				CLANG_ENABLE_OBJC_ARC = YES;
				CLANG_ENABLE_OBJC_WEAK = YES;
				CLANG_WARN_BLOCK_CAPTURE_AUTORELEASING = YES;
				CLANG_WARN_BOOL_CONVERSION = YES;
				CLANG_WARN_COMMA = YES;
				CLANG_WARN_CONSTANT_CONVERSION = YES;
				CLANG_WARN_DEPRECATED_OBJC_IMPLEMENTATIONS = YES;
				CLANG_WARN_DIRECT_OBJC_ISA_USAGE = YES_ERROR;
				CLANG_WARN_DOCUMENTATION_COMMENTS = YES;
				CLANG_WARN_EMPTY_BODY = YES;
				CLANG_WARN_ENUM_CONVERSION = YES;
				CLANG_WARN_INFINITE_RECURSION = YES;
				CLANG_WARN_INT_CONVERSION = YES;
				CLANG_WARN_NON_LITERAL_NULL_CONVERSION = YES;
				CLANG_WARN_OBJC_IMPLICIT_RETAIN_SELF = YES;
				CLANG_WARN_OBJC_LITERAL_CONVERSION = YES;
				CLANG_WARN_OBJC_ROOT_CLASS = YES_ERROR;
				CLANG_WARN_RANGE_LOOP_ANALYSIS = YES;
				CLANG_WARN_STRICT_PROTOTYPES = YES;
				CLANG_WARN_SUSPICIOUS_MOVE = YES;
				CLANG_WARN_UNGUARDED_AVAILABILITY = YES_AGGRESSIVE;
				CLANG_WARN_UNREACHABLE_CODE = YES;
				CLANG_WARN__DUPLICATE_METHOD_MATCH = YES;
				COPY_PHASE_STRIP = NO;
				CURRENT_PROJECT_VERSION = 1;
				DEBUG_INFORMATION_FORMAT = dwarf;
				ENABLE_STRICT_OBJC_MSGSEND = YES;
				ENABLE_TESTABILITY = YES;
				GCC_C_LANGUAGE_STANDARD = gnu11;
				GCC_DYNAMIC_NO_PIC = NO;
				GCC_NO_COMMON_BLOCKS = YES;
				GCC_OPTIMIZATION_LEVEL = 0;
				GCC_PREPROCESSOR_DEFINITIONS = (
					"DEBUG=1",
					"$(inherited)",
				);
				GCC_WARN_64_TO_32_BIT_CONVERSION = YES;
				GCC_WARN_ABOUT_RETURN_TYPE = YES_ERROR;
				GCC_WARN_UNDECLARED_SELECTOR = YES;
				GCC_WARN_UNINITIALIZED_AUTOS = YES_AGGRESSIVE;
				GCC_WARN_UNUSED_FUNCTION = YES;
				GCC_WARN_UNUSED_VARIABLE = YES;
				IPHONEOS_DEPLOYMENT_TARGET = 13.2;
				MTL_ENABLE_DEBUG_INFO = INCLUDE_SOURCE;
				MTL_FAST_MATH = YES;
				ONLY_ACTIVE_ARCH = YES;
				SDKROOT = iphoneos;
				SWIFT_ACTIVE_COMPILATION_CONDITIONS = DEBUG;
				SWIFT_OPTIMIZATION_LEVEL = "-Onone";
				VERSIONING_SYSTEM = "apple-generic";
				VERSION_INFO_PREFIX = "";
			};
			name = Debug;
		};
		A27BB9F324C81DBC001F0D8C /* Release */ = {
			isa = XCBuildConfiguration;
			buildSettings = {
				ALWAYS_SEARCH_USER_PATHS = NO;
				CLANG_ANALYZER_NONNULL = YES;
				CLANG_ANALYZER_NUMBER_OBJECT_CONVERSION = YES_AGGRESSIVE;
				CLANG_CXX_LANGUAGE_STANDARD = "gnu++14";
				CLANG_CXX_LIBRARY = "libc++";
				CLANG_ENABLE_MODULES = YES;
				CLANG_ENABLE_OBJC_ARC = YES;
				CLANG_ENABLE_OBJC_WEAK = YES;
				CLANG_WARN_BLOCK_CAPTURE_AUTORELEASING = YES;
				CLANG_WARN_BOOL_CONVERSION = YES;
				CLANG_WARN_COMMA = YES;
				CLANG_WARN_CONSTANT_CONVERSION = YES;
				CLANG_WARN_DEPRECATED_OBJC_IMPLEMENTATIONS = YES;
				CLANG_WARN_DIRECT_OBJC_ISA_USAGE = YES_ERROR;
				CLANG_WARN_DOCUMENTATION_COMMENTS = YES;
				CLANG_WARN_EMPTY_BODY = YES;
				CLANG_WARN_ENUM_CONVERSION = YES;
				CLANG_WARN_INFINITE_RECURSION = YES;
				CLANG_WARN_INT_CONVERSION = YES;
				CLANG_WARN_NON_LITERAL_NULL_CONVERSION = YES;
				CLANG_WARN_OBJC_IMPLICIT_RETAIN_SELF = YES;
				CLANG_WARN_OBJC_LITERAL_CONVERSION = YES;
				CLANG_WARN_OBJC_ROOT_CLASS = YES_ERROR;
				CLANG_WARN_RANGE_LOOP_ANALYSIS = YES;
				CLANG_WARN_STRICT_PROTOTYPES = YES;
				CLANG_WARN_SUSPICIOUS_MOVE = YES;
				CLANG_WARN_UNGUARDED_AVAILABILITY = YES_AGGRESSIVE;
				CLANG_WARN_UNREACHABLE_CODE = YES;
				CLANG_WARN__DUPLICATE_METHOD_MATCH = YES;
				COPY_PHASE_STRIP = NO;
				CURRENT_PROJECT_VERSION = 1;
				DEBUG_INFORMATION_FORMAT = "dwarf-with-dsym";
				ENABLE_NS_ASSERTIONS = NO;
				ENABLE_STRICT_OBJC_MSGSEND = YES;
				GCC_C_LANGUAGE_STANDARD = gnu11;
				GCC_NO_COMMON_BLOCKS = YES;
				GCC_WARN_64_TO_32_BIT_CONVERSION = YES;
				GCC_WARN_ABOUT_RETURN_TYPE = YES_ERROR;
				GCC_WARN_UNDECLARED_SELECTOR = YES;
				GCC_WARN_UNINITIALIZED_AUTOS = YES_AGGRESSIVE;
				GCC_WARN_UNUSED_FUNCTION = YES;
				GCC_WARN_UNUSED_VARIABLE = YES;
				IPHONEOS_DEPLOYMENT_TARGET = 13.2;
				MTL_ENABLE_DEBUG_INFO = NO;
				MTL_FAST_MATH = YES;
				SDKROOT = iphoneos;
				SWIFT_COMPILATION_MODE = wholemodule;
				SWIFT_OPTIMIZATION_LEVEL = "-O";
				VALIDATE_PRODUCT = YES;
				VERSIONING_SYSTEM = "apple-generic";
				VERSION_INFO_PREFIX = "";
			};
			name = Release;
		};
		A27BB9F524C81DBC001F0D8C /* Debug */ = {
			isa = XCBuildConfiguration;
			buildSettings = {
				CLANG_ENABLE_MODULES = YES;
				CODE_SIGN_STYLE = Automatic;
				DEFINES_MODULE = YES;
				DYLIB_COMPATIBILITY_VERSION = 1;
				DYLIB_CURRENT_VERSION = 1;
				DYLIB_INSTALL_NAME_BASE = "@rpath";
				INFOPLIST_FILE = DKButton/Info.plist;
				INSTALL_PATH = "$(LOCAL_LIBRARY_DIR)/Frameworks";
				LD_RUNPATH_SEARCH_PATHS = (
					"$(inherited)",
					"@executable_path/Frameworks",
					"@loader_path/Frameworks",
				);
				PRODUCT_BUNDLE_IDENTIFIER = com.conduent.DKButton;
				PRODUCT_NAME = "$(TARGET_NAME:c99extidentifier)";
				SKIP_INSTALL = YES;
				SWIFT_OPTIMIZATION_LEVEL = "-Onone";
				SWIFT_VERSION = 5.0;
				TARGETED_DEVICE_FAMILY = "1,2";
			};
			name = Debug;
		};
		A27BB9F624C81DBC001F0D8C /* Release */ = {
			isa = XCBuildConfiguration;
			buildSettings = {
				CLANG_ENABLE_MODULES = YES;
				CODE_SIGN_STYLE = Automatic;
				DEFINES_MODULE = YES;
				DYLIB_COMPATIBILITY_VERSION = 1;
				DYLIB_CURRENT_VERSION = 1;
				DYLIB_INSTALL_NAME_BASE = "@rpath";
				INFOPLIST_FILE = DKButton/Info.plist;
				INSTALL_PATH = "$(LOCAL_LIBRARY_DIR)/Frameworks";
				LD_RUNPATH_SEARCH_PATHS = (
					"$(inherited)",
					"@executable_path/Frameworks",
					"@loader_path/Frameworks",
				);
				PRODUCT_BUNDLE_IDENTIFIER = com.conduent.DKButton;
				PRODUCT_NAME = "$(TARGET_NAME:c99extidentifier)";
				SKIP_INSTALL = YES;
				SWIFT_VERSION = 5.0;
				TARGETED_DEVICE_FAMILY = "1,2";
			};
			name = Release;
		};
		A27BB9F824C81DBC001F0D8C /* Debug */ = {
			isa = XCBuildConfiguration;
			buildSettings = {
				ALWAYS_EMBED_SWIFT_STANDARD_LIBRARIES = YES;
				CODE_SIGN_STYLE = Automatic;
				INFOPLIST_FILE = DKButtonTests/Info.plist;
				LD_RUNPATH_SEARCH_PATHS = (
					"$(inherited)",
					"@executable_path/Frameworks",
					"@loader_path/Frameworks",
				);
				PRODUCT_BUNDLE_IDENTIFIER = com.conduent.DKButtonTests;
				PRODUCT_NAME = "$(TARGET_NAME)";
				SWIFT_VERSION = 5.0;
				TARGETED_DEVICE_FAMILY = "1,2";
			};
			name = Debug;
		};
		A27BB9F924C81DBC001F0D8C /* Release */ = {
			isa = XCBuildConfiguration;
			buildSettings = {
				ALWAYS_EMBED_SWIFT_STANDARD_LIBRARIES = YES;
				CODE_SIGN_STYLE = Automatic;
				INFOPLIST_FILE = DKButtonTests/Info.plist;
				LD_RUNPATH_SEARCH_PATHS = (
					"$(inherited)",
					"@executable_path/Frameworks",
					"@loader_path/Frameworks",
				);
				PRODUCT_BUNDLE_IDENTIFIER = com.conduent.DKButtonTests;
				PRODUCT_NAME = "$(TARGET_NAME)";
				SWIFT_VERSION = 5.0;
				TARGETED_DEVICE_FAMILY = "1,2";
			};
			name = Release;
		};
		A27BBA2324C82AA6001F0D8C /* Debug */ = {
			isa = XCBuildConfiguration;
			buildSettings = {
				ASSETCATALOG_COMPILER_APPICON_NAME = AppIcon;
				CODE_SIGN_STYLE = Automatic;
				INFOPLIST_FILE = DKButtonExample/Info.plist;
				LD_RUNPATH_SEARCH_PATHS = (
					"$(inherited)",
					"@executable_path/Frameworks",
				);
				PRODUCT_BUNDLE_IDENTIFIER = com.conduent.DKButtonExample;
				PRODUCT_NAME = "$(TARGET_NAME)";
				SWIFT_VERSION = 5.0;
				TARGETED_DEVICE_FAMILY = "1,2";
			};
			name = Debug;
		};
		A27BBA2424C82AA6001F0D8C /* Release */ = {
			isa = XCBuildConfiguration;
			buildSettings = {
				ASSETCATALOG_COMPILER_APPICON_NAME = AppIcon;
				CODE_SIGN_STYLE = Automatic;
				INFOPLIST_FILE = DKButtonExample/Info.plist;
				LD_RUNPATH_SEARCH_PATHS = (
					"$(inherited)",
					"@executable_path/Frameworks",
				);
				PRODUCT_BUNDLE_IDENTIFIER = com.conduent.DKButtonExample;
				PRODUCT_NAME = "$(TARGET_NAME)";
				SWIFT_VERSION = 5.0;
				TARGETED_DEVICE_FAMILY = "1,2";
			};
			name = Release;
		};
		A27BBA2624C82AA6001F0D8C /* Debug */ = {
			isa = XCBuildConfiguration;
			buildSettings = {
				ALWAYS_EMBED_SWIFT_STANDARD_LIBRARIES = YES;
				BUNDLE_LOADER = "$(TEST_HOST)";
				CODE_SIGN_STYLE = Automatic;
				INFOPLIST_FILE = DKButtonExampleTests/Info.plist;
				IPHONEOS_DEPLOYMENT_TARGET = 13.2;
				LD_RUNPATH_SEARCH_PATHS = (
					"$(inherited)",
					"@executable_path/Frameworks",
					"@loader_path/Frameworks",
				);
				PRODUCT_BUNDLE_IDENTIFIER = com.conduent.DKButtonExampleTests;
				PRODUCT_NAME = "$(TARGET_NAME)";
				SWIFT_VERSION = 5.0;
				TARGETED_DEVICE_FAMILY = "1,2";
				TEST_HOST = "$(BUILT_PRODUCTS_DIR)/DKButtonExample.app/DKButtonExample";
			};
			name = Debug;
		};
		A27BBA2724C82AA6001F0D8C /* Release */ = {
			isa = XCBuildConfiguration;
			buildSettings = {
				ALWAYS_EMBED_SWIFT_STANDARD_LIBRARIES = YES;
				BUNDLE_LOADER = "$(TEST_HOST)";
				CODE_SIGN_STYLE = Automatic;
				INFOPLIST_FILE = DKButtonExampleTests/Info.plist;
				IPHONEOS_DEPLOYMENT_TARGET = 13.2;
				LD_RUNPATH_SEARCH_PATHS = (
					"$(inherited)",
					"@executable_path/Frameworks",
					"@loader_path/Frameworks",
				);
				PRODUCT_BUNDLE_IDENTIFIER = com.conduent.DKButtonExampleTests;
				PRODUCT_NAME = "$(TARGET_NAME)";
				SWIFT_VERSION = 5.0;
				TARGETED_DEVICE_FAMILY = "1,2";
				TEST_HOST = "$(BUILT_PRODUCTS_DIR)/DKButtonExample.app/DKButtonExample";
			};
			name = Release;
		};
/* End XCBuildConfiguration section */

/* Begin XCConfigurationList section */
		A27BB9DA24C81DBC001F0D8C /* Build configuration list for PBXProject "DKButton" */ = {
			isa = XCConfigurationList;
			buildConfigurations = (
				A27BB9F224C81DBC001F0D8C /* Debug */,
				A27BB9F324C81DBC001F0D8C /* Release */,
			);
			defaultConfigurationIsVisible = 0;
			defaultConfigurationName = Release;
		};
		A27BB9F424C81DBC001F0D8C /* Build configuration list for PBXNativeTarget "DKButton" */ = {
			isa = XCConfigurationList;
			buildConfigurations = (
				A27BB9F524C81DBC001F0D8C /* Debug */,
				A27BB9F624C81DBC001F0D8C /* Release */,
			);
			defaultConfigurationIsVisible = 0;
			defaultConfigurationName = Release;
		};
		A27BB9F724C81DBC001F0D8C /* Build configuration list for PBXNativeTarget "DKButtonTests" */ = {
			isa = XCConfigurationList;
			buildConfigurations = (
				A27BB9F824C81DBC001F0D8C /* Debug */,
				A27BB9F924C81DBC001F0D8C /* Release */,
			);
			defaultConfigurationIsVisible = 0;
			defaultConfigurationName = Release;
		};
		A27BBA2224C82AA6001F0D8C /* Build configuration list for PBXNativeTarget "DKButtonExample" */ = {
			isa = XCConfigurationList;
			buildConfigurations = (
				A27BBA2324C82AA6001F0D8C /* Debug */,
				A27BBA2424C82AA6001F0D8C /* Release */,
			);
			defaultConfigurationIsVisible = 0;
			defaultConfigurationName = Release;
		};
		A27BBA2524C82AA6001F0D8C /* Build configuration list for PBXNativeTarget "DKButtonExampleTests" */ = {
			isa = XCConfigurationList;
			buildConfigurations = (
				A27BBA2624C82AA6001F0D8C /* Debug */,
				A27BBA2724C82AA6001F0D8C /* Release */,
			);
			defaultConfigurationIsVisible = 0;
			defaultConfigurationName = Release;
		};
/* End XCConfigurationList section */
	};
	rootObject = A27BB9D724C81DBC001F0D8C /* Project object */;
}
